Microsoft Visual Studio Solution File, Format Version 12.00
# Visual Studio Version 17
VisualStudioVersion = 17.5.2.0
MinimumVisualStudioVersion = 10.0.40219.1
Project("{FAE04EC0-301F-11D3-BF4B-00C04F79EFBC}") = "minirestuarent", "minirestuarent.csproj", "{03F1E02B-973C-AA6C-AA22-47CF0B6D7222}"
EndProject
Global
	GlobalSection(SolutionConfigurationPlatforms) = preSolution
		Debug|Any CPU = Debug|Any CPU
		Release|Any CPU = Release|Any CPU
	EndGlobalSection
	GlobalSection(ProjectConfigurationPlatforms) = postSolution
		{03F1E02B-973C-AA6C-AA22-47CF0B6D7222}.Debug|Any CPU.ActiveCfg = Debug|Any CPU
		{03F1E02B-973C-AA6C-AA22-47CF0B6D7222}.Debug|Any CPU.Build.0 = Debug|Any CPU
		{03F1E02B-973C-AA6C-AA22-47CF0B6D7222}.Release|Any CPU.ActiveCfg = Release|Any CPU
		{03F1E02B-973C-AA6C-AA22-47CF0B6D7222}.Release|Any CPU.Build.0 = Release|Any CPU
	EndGlobalSection
	GlobalSection(SolutionProperties) = preSolution
		HideSolutionNode = FALSE
	EndGlobalSection
	GlobalSection(ExtensibilityGlobals) = postSolution
		SolutionGuid = {52C292D6-6CAD-4245-969F-9A10691912D8}
	EndGlobalSection
EndGlobal
